
Microsoft Visual Studio Solution File, Format Version 12.00
# Visual Studio Version 16
VisualStudioVersion = 16.0.31112.23
MinimumVisualStudioVersion = 10.0.40219.1
Project("{FAE04EC0-301F-11D3-BF4B-00C04F79EFBC}") = "DKWebApp", "DKWebApp\DKWebApp.csproj", "{4D8CBA93-E3C2-4A38-B541-7F35A5BECD2B}"
EndProject
Project("{9A19103F-16F7-4668-BE54-9A1E7A4F7556}") = "_build", "build\_build.csproj", "{91E11694-5D29-4540-A0DD-ECBCAE3D58AB}"
EndProject
Global
	GlobalSection(SolutionConfigurationPlatforms) = preSolution
		Debug|Any CPU = Debug|Any CPU
		Release|Any CPU = Release|Any CPU
	EndGlobalSection
	GlobalSection(ProjectConfigurationPlatforms) = postSolution
		{91E11694-5D29-4540-A0DD-ECBCAE3D58AB}.Debug|Any CPU.ActiveCfg = Debug|Any CPU
		{91E11694-5D29-4540-A0DD-ECBCAE3D58AB}.Release|Any CPU.ActiveCfg = Release|Any CPU
		{4D8CBA93-E3C2-4A38-B541-7F35A5BECD2B}.Debug|Any CPU.ActiveCfg = Debug|Any CPU
		{4D8CBA93-E3C2-4A38-B541-7F35A5BECD2B}.Debug|Any CPU.Build.0 = Debug|Any CPU
		{4D8CBA93-E3C2-4A38-B541-7F35A5BECD2B}.Release|Any CPU.ActiveCfg = Release|Any CPU
		{4D8CBA93-E3C2-4A38-B541-7F35A5BECD2B}.Release|Any CPU.Build.0 = Release|Any CPU
	EndGlobalSection
	GlobalSection(SolutionProperties) = preSolution
		HideSolutionNode = FALSE
	EndGlobalSection
	GlobalSection(ExtensibilityGlobals) = postSolution
		SolutionGuid = {DD13C630-2F95-4334-AEF4-7F12722BF131}
	EndGlobalSection
EndGlobal
